
Microsoft Visual Studio Solution File, Format Version 12.00
# Visual Studio Version 17
VisualStudioVersion = 17.10.34928.147
MinimumVisualStudioVersion = 10.0.40219.1
Project("{FAE04EC0-301F-11D3-BF4B-00C04F79EFBC}") = "Curso de Net", "Curso de Net\Curso de Net.csproj", "{B45F7855-70D1-46E2-92DC-7025B4499F2A}"
EndProject
Global
	GlobalSection(SolutionConfigurationPlatforms) = preSolution
		Debug|Any CPU = Debug|Any CPU
		Release|Any CPU = Release|Any CPU
	EndGlobalSection
	GlobalSection(ProjectConfigurationPlatforms) = postSolution
		{B45F7855-70D1-46E2-92DC-7025B4499F2A}.Debug|Any CPU.ActiveCfg = Debug|Any CPU
		{B45F7855-70D1-46E2-92DC-7025B4499F2A}.Debug|Any CPU.Build.0 = Debug|Any CPU
		{B45F7855-70D1-46E2-92DC-7025B4499F2A}.Release|Any CPU.ActiveCfg = Release|Any CPU
		{B45F7855-70D1-46E2-92DC-7025B4499F2A}.Release|Any CPU.Build.0 = Release|Any CPU
	EndGlobalSection
	GlobalSection(SolutionProperties) = preSolution
		HideSolutionNode = FALSE
	EndGlobalSection
	GlobalSection(ExtensibilityGlobals) = postSolution
		SolutionGuid = {7C1D1FD7-7247-4915-9D2D-3F8EED2F85C9}
	EndGlobalSection
EndGlobal
